
Microsoft Visual Studio Solution File, Format Version 12.00
# Visual Studio Version 17
VisualStudioVersion = 17.8.34330.188
MinimumVisualStudioVersion = 10.0.40219.1
Project("{9A19103F-16F7-4668-BE54-9A1E7A4F7556}") = "DZ1_ObjectPool", "DZ_1ObjectPool\DZ1_ObjectPool.csproj", "{88517D4E-B3B3-41CE-BBDB-3C7199EE7155}"
EndProject
Project("{9A19103F-16F7-4668-BE54-9A1E7A4F7556}") = "DZ1_Visitor", "DZ1_Visitor\DZ1_Visitor.csproj", "{32CF1FB3-8E25-419C-BBEF-72E77D8B514B}"
EndProject
Project("{FAE04EC0-301F-11D3-BF4B-00C04F79EFBC}") = "DZ1_Bridge", "DZ1_Bridge\DZ1_Bridge.csproj", "{D7B39784-0748-4319-9AB1-3EA74DB67F70}"
EndProject
Global
	GlobalSection(SolutionConfigurationPlatforms) = preSolution
		Debug|Any CPU = Debug|Any CPU
		Release|Any CPU = Release|Any CPU
	EndGlobalSection
	GlobalSection(ProjectConfigurationPlatforms) = postSolution
		{88517D4E-B3B3-41CE-BBDB-3C7199EE7155}.Debug|Any CPU.ActiveCfg = Debug|Any CPU
		{88517D4E-B3B3-41CE-BBDB-3C7199EE7155}.Debug|Any CPU.Build.0 = Debug|Any CPU
		{88517D4E-B3B3-41CE-BBDB-3C7199EE7155}.Release|Any CPU.ActiveCfg = Release|Any CPU
		{88517D4E-B3B3-41CE-BBDB-3C7199EE7155}.Release|Any CPU.Build.0 = Release|Any CPU
		{32CF1FB3-8E25-419C-BBEF-72E77D8B514B}.Debug|Any CPU.ActiveCfg = Debug|Any CPU
		{32CF1FB3-8E25-419C-BBEF-72E77D8B514B}.Debug|Any CPU.Build.0 = Debug|Any CPU
		{32CF1FB3-8E25-419C-BBEF-72E77D8B514B}.Release|Any CPU.ActiveCfg = Release|Any CPU
		{32CF1FB3-8E25-419C-BBEF-72E77D8B514B}.Release|Any CPU.Build.0 = Release|Any CPU
		{D7B39784-0748-4319-9AB1-3EA74DB67F70}.Debug|Any CPU.ActiveCfg = Debug|Any CPU
		{D7B39784-0748-4319-9AB1-3EA74DB67F70}.Debug|Any CPU.Build.0 = Debug|Any CPU
		{D7B39784-0748-4319-9AB1-3EA74DB67F70}.Release|Any CPU.ActiveCfg = Release|Any CPU
		{D7B39784-0748-4319-9AB1-3EA74DB67F70}.Release|Any CPU.Build.0 = Release|Any CPU
	EndGlobalSection
	GlobalSection(SolutionProperties) = preSolution
		HideSolutionNode = FALSE
	EndGlobalSection
	GlobalSection(ExtensibilityGlobals) = postSolution
		SolutionGuid = {61D7A256-166F-42D6-A1F2-123C0AC61800}
	EndGlobalSection
EndGlobal
